
Microsoft Visual Studio Solution File, Format Version 12.00
# Visual Studio Version 17
VisualStudioVersion = 17.2.32630.192
MinimumVisualStudioVersion = 10.0.40219.1
Project("{FAE04EC0-301F-11D3-BF4B-00C04F79EFBC}") = "Sample.App", "Demo.UnitTest\Sample.App.csproj", "{2E46E002-B597-4799-8A79-A8363B6FCF6C}"
EndProject
Project("{FAE04EC0-301F-11D3-BF4B-00C04F79EFBC}") = "Sample.App.UnitTests", "Sample.App.UnitTests\Sample.App.UnitTests.csproj", "{943CEF46-EA12-4B7C-B476-DBBCDEE30173}"
EndProject
Global
	GlobalSection(SolutionConfigurationPlatforms) = preSolution
		Debug|Any CPU = Debug|Any CPU
		Release|Any CPU = Release|Any CPU
	EndGlobalSection
	GlobalSection(ProjectConfigurationPlatforms) = postSolution
		{2E46E002-B597-4799-8A79-A8363B6FCF6C}.Debug|Any CPU.ActiveCfg = Debug|Any CPU
		{2E46E002-B597-4799-8A79-A8363B6FCF6C}.Debug|Any CPU.Build.0 = Debug|Any CPU
		{2E46E002-B597-4799-8A79-A8363B6FCF6C}.Release|Any CPU.ActiveCfg = Release|Any CPU
		{2E46E002-B597-4799-8A79-A8363B6FCF6C}.Release|Any CPU.Build.0 = Release|Any CPU
		{943CEF46-EA12-4B7C-B476-DBBCDEE30173}.Debug|Any CPU.ActiveCfg = Debug|Any CPU
		{943CEF46-EA12-4B7C-B476-DBBCDEE30173}.Debug|Any CPU.Build.0 = Debug|Any CPU
		{943CEF46-EA12-4B7C-B476-DBBCDEE30173}.Release|Any CPU.ActiveCfg = Release|Any CPU
		{943CEF46-EA12-4B7C-B476-DBBCDEE30173}.Release|Any CPU.Build.0 = Release|Any CPU
	EndGlobalSection
	GlobalSection(SolutionProperties) = preSolution
		HideSolutionNode = FALSE
	EndGlobalSection
	GlobalSection(ExtensibilityGlobals) = postSolution
		SolutionGuid = {ACE9411E-963D-4C00-B3B7-DE9B9C70FBFB}
	EndGlobalSection
EndGlobal
